// !$*UTF8*$!
{
	archiveVersion = 1;
	classes = {
	};
	objectVersion = 77;
	objects = {

/* Begin PBXBuildFile section */
		62246FBA2EDD975A007314E8 /* MapboxMaps in Frameworks */ = {isa = PBXBuildFile; productRef = 62246FB92EDD975A007314E8 /* MapboxMaps */; };
		62A981452E77EEC4006834C9 /* Auth in Frameworks */ = {isa = PBXBuildFile; productRef = 62A981442E77EEC4006834C9 /* Auth */; };
		62A981472E77EEC4006834C9 /* Functions in Frameworks */ = {isa = PBXBuildFile; productRef = 62A981462E77EEC4006834C9 /* Functions */; };
		62A981492E77EEC4006834C9 /* PostgREST in Frameworks */ = {isa = PBXBuildFile; productRef = 62A981482E77EEC4006834C9 /* PostgREST */; };
		62A9814B2E77EEC4006834C9 /* Realtime in Frameworks */ = {isa = PBXBuildFile; productRef = 62A9814A2E77EEC4006834C9 /* Realtime */; };
		62A9814D2E77EEC4006834C9 /* Storage in Frameworks */ = {isa = PBXBuildFile; productRef = 62A9814C2E77EEC4006834C9 /* Storage */; };
		62A9814F2E77EEC4006834C9 /* Supabase in Frameworks */ = {isa = PBXBuildFile; productRef = 62A9814E2E77EEC4006834C9 /* Supabase */; };
		62A981902E7A9D5E006834C9 /* .gitignore in Resources */ = {isa = PBXBuildFile; fileRef = 62A9818F2E7A9D57006834C9 /* .gitignore */; };
		62A981912E7A9D5E006834C9 /* .gitignore in Resources */ = {isa = PBXBuildFile; fileRef = 62A9818F2E7A9D57006834C9 /* .gitignore */; };
		62A981922E7A9D5E006834C9 /* .gitignore in Resources */ = {isa = PBXBuildFile; fileRef = 62A9818F2E7A9D57006834C9 /* .gitignore */; };
/* End PBXBuildFile section */

/* Begin PBXContainerItemProxy section */
		62A981142E77E391006834C9 /* PBXContainerItemProxy */ = {
			isa = PBXContainerItemProxy;
			containerPortal = 62A980FE2E77E390006834C9 /* Project object */;
			proxyType = 1;
			remoteGlobalIDString = 62A981052E77E390006834C9;
			remoteInfo = "snow-buddy";
		};
		62A9811E2E77E391006834C9 /* PBXContainerItemProxy */ = {
			isa = PBXContainerItemProxy;
			containerPortal = 62A980FE2E77E390006834C9 /* Project object */;
			proxyType = 1;
			remoteGlobalIDString = 62A981052E77E390006834C9;
			remoteInfo = "snow-buddy";
		};
/* End PBXContainerItemProxy section */

/* Begin PBXFileReference section */
		62A981062E77E390006834C9 /* snow-buddy.app */ = {isa = PBXFileReference; explicitFileType = wrapper.application; includeInIndex = 0; path = "snow-buddy.app"; sourceTree = BUILT_PRODUCTS_DIR; };
		62A981132E77E391006834C9 /* snow-buddyTests.xctest */ = {isa = PBXFileReference; explicitFileType = wrapper.cfbundle; includeInIndex = 0; path = "snow-buddyTests.xctest"; sourceTree = BUILT_PRODUCTS_DIR; };
		62A9811D2E77E391006834C9 /* snow-buddyUITests.xctest */ = {isa = PBXFileReference; explicitFileType = wrapper.cfbundle; includeInIndex = 0; path = "snow-buddyUITests.xctest"; sourceTree = BUILT_PRODUCTS_DIR; };
		62A9818F2E7A9D57006834C9 /* .gitignore */ = {isa = PBXFileReference; lastKnownFileType = text; path = .gitignore; sourceTree = "<group>"; };
/* End PBXFileReference section */

/* Begin PBXFileSystemSynchronizedBuildFileExceptionSet section */
		62A981572E77F5AA006834C9 /* Exceptions for "snow-buddy" folder in "snow-buddy" target */ = {
			isa = PBXFileSystemSynchronizedBuildFileExceptionSet;
			membershipExceptions = (
				Info.plist,
			);
			target = 62A981052E77E390006834C9 /* snow-buddy */;
		};
/* End PBXFileSystemSynchronizedBuildFileExceptionSet section */

/* Begin PBXFileSystemSynchronizedRootGroup section */
		62A981082E77E390006834C9 /* snow-buddy */ = {
			isa = PBXFileSystemSynchronizedRootGroup;
			exceptions = (
				62A981572E77F5AA006834C9 /* Exceptions for "snow-buddy" folder in "snow-buddy" target */,
			);
			path = "snow-buddy";
			sourceTree = "<group>";
		};
		62A981162E77E391006834C9 /* snow-buddyTests */ = {
			isa = PBXFileSystemSynchronizedRootGroup;
			path = "snow-buddyTests";
			sourceTree = "<group>";
		};
		62A981202E77E391006834C9 /* snow-buddyUITests */ = {
			isa = PBXFileSystemSynchronizedRootGroup;
			path = "snow-buddyUITests";
			sourceTree = "<group>";
		};
		62A9817C2E77FAC8006834C9 /* Config */ = {
			isa = PBXFileSystemSynchronizedRootGroup;
			path = Config;
			sourceTree = "<group>";
		};
/* End PBXFileSystemSynchronizedRootGroup section */

/* Begin PBXFrameworksBuildPhase section */
		62A981032E77E390006834C9 /* Frameworks */ = {
			isa = PBXFrameworksBuildPhase;
			buildActionMask = 2147483647;
			files = (
				62A981492E77EEC4006834C9 /* PostgREST in Frameworks */,
				62A981472E77EEC4006834C9 /* Functions in Frameworks */,
				62A9814F2E77EEC4006834C9 /* Supabase in Frameworks */,
				62A981452E77EEC4006834C9 /* Auth in Frameworks */,
				62A9814D2E77EEC4006834C9 /* Storage in Frameworks */,
				62246FBA2EDD975A007314E8 /* MapboxMaps in Frameworks */,
				62A9814B2E77EEC4006834C9 /* Realtime in Frameworks */,
			);
			runOnlyForDeploymentPostprocessing = 0;
		};
		62A981102E77E391006834C9 /* Frameworks */ = {
			isa = PBXFrameworksBuildPhase;
			buildActionMask = 2147483647;
			files = (
			);
			runOnlyForDeploymentPostprocessing = 0;
		};
		62A9811A2E77E391006834C9 /* Frameworks */ = {
			isa = PBXFrameworksBuildPhase;
			buildActionMask = 2147483647;
			files = (
			);
			runOnlyForDeploymentPostprocessing = 0;
		};
/* End PBXFrameworksBuildPhase section */

/* Begin PBXGroup section */
		62A980FD2E77E390006834C9 = {
			isa = PBXGroup;
			children = (
				62A9818F2E7A9D57006834C9 /* .gitignore */,
				62A981082E77E390006834C9 /* snow-buddy */,
				62A981162E77E391006834C9 /* snow-buddyTests */,
				62A981202E77E391006834C9 /* snow-buddyUITests */,
				62A9817C2E77FAC8006834C9 /* Config */,
				62A981072E77E390006834C9 /* Products */,
			);
			sourceTree = "<group>";
		};
		62A981072E77E390006834C9 /* Products */ = {
			isa = PBXGroup;
			children = (
				62A981062E77E390006834C9 /* snow-buddy.app */,
				62A981132E77E391006834C9 /* snow-buddyTests.xctest */,
				62A9811D2E77E391006834C9 /* snow-buddyUITests.xctest */,
			);
			name = Products;
			sourceTree = "<group>";
		};
/* End PBXGroup section */

/* Begin PBXNativeTarget section */
		62A981052E77E390006834C9 /* snow-buddy */ = {
			isa = PBXNativeTarget;
			buildConfigurationList = 62A981272E77E391006834C9 /* Build configuration list for PBXNativeTarget "snow-buddy" */;
			buildPhases = (
				62A981022E77E390006834C9 /* Sources */,
				62A981032E77E390006834C9 /* Frameworks */,
				62A981042E77E390006834C9 /* Resources */,
			);
			buildRules = (
			);
			dependencies = (
			);
			fileSystemSynchronizedGroups = (
				62A981082E77E390006834C9 /* snow-buddy */,
				62A9817C2E77FAC8006834C9 /* Config */,
			);
			name = "snow-buddy";
			packageProductDependencies = (
				62A981442E77EEC4006834C9 /* Auth */,
				62A981462E77EEC4006834C9 /* Functions */,
				62A981482E77EEC4006834C9 /* PostgREST */,
				62A9814A2E77EEC4006834C9 /* Realtime */,
				62A9814C2E77EEC4006834C9 /* Storage */,
				62A9814E2E77EEC4006834C9 /* Supabase */,
				62246FB92EDD975A007314E8 /* MapboxMaps */,
			);
			productName = "snow-buddy";
			productReference = 62A981062E77E390006834C9 /* snow-buddy.app */;
			productType = "com.apple.product-type.application";
		};
		62A981122E77E391006834C9 /* snow-buddyTests */ = {
			isa = PBXNativeTarget;
			buildConfigurationList = 62A9812A2E77E391006834C9 /* Build configuration list for PBXNativeTarget "snow-buddyTests" */;
			buildPhases = (
				62A9810F2E77E391006834C9 /* Sources */,
				62A981102E77E391006834C9 /* Frameworks */,
				62A981112E77E391006834C9 /* Resources */,
			);
			buildRules = (
			);
			dependencies = (
				62A981152E77E391006834C9 /* PBXTargetDependency */,
			);
			fileSystemSynchronizedGroups = (
				62A981162E77E391006834C9 /* snow-buddyTests */,
				62A9817C2E77FAC8006834C9 /* Config */,
			);
			name = "snow-buddyTests";
			packageProductDependencies = (
			);
			productName = "snow-buddyTests";
			productReference = 62A981132E77E391006834C9 /* snow-buddyTests.xctest */;
			productType = "com.apple.product-type.bundle.unit-test";
		};
		62A9811C2E77E391006834C9 /* snow-buddyUITests */ = {
			isa = PBXNativeTarget;
			buildConfigurationList = 62A9812D2E77E391006834C9 /* Build configuration list for PBXNativeTarget "snow-buddyUITests" */;
			buildPhases = (
				62A981192E77E391006834C9 /* Sources */,
				62A9811A2E77E391006834C9 /* Frameworks */,
				62A9811B2E77E391006834C9 /* Resources */,
			);
			buildRules = (
			);
			dependencies = (
				62A9811F2E77E391006834C9 /* PBXTargetDependency */,
			);
			fileSystemSynchronizedGroups = (
				62A981202E77E391006834C9 /* snow-buddyUITests */,
				62A9817C2E77FAC8006834C9 /* Config */,
			);
			name = "snow-buddyUITests";
			packageProductDependencies = (
			);
			productName = "snow-buddyUITests";
			productReference = 62A9811D2E77E391006834C9 /* snow-buddyUITests.xctest */;
			productType = "com.apple.product-type.bundle.ui-testing";
		};
/* End PBXNativeTarget section */

/* Begin PBXProject section */
		62A980FE2E77E390006834C9 /* Project object */ = {
			isa = PBXProject;
			attributes = {
				BuildIndependentTargetsInParallel = 1;
				LastSwiftUpdateCheck = 1640;
				LastUpgradeCheck = 1640;
				TargetAttributes = {
					62A981052E77E390006834C9 = {
						CreatedOnToolsVersion = 16.4;
					};
					62A981122E77E391006834C9 = {
						CreatedOnToolsVersion = 16.4;
						TestTargetID = 62A981052E77E390006834C9;
					};
					62A9811C2E77E391006834C9 = {
						CreatedOnToolsVersion = 16.4;
						TestTargetID = 62A981052E77E390006834C9;
					};
				};
			};
			buildConfigurationList = 62A981012E77E390006834C9 /* Build configuration list for PBXProject "snow-buddy" */;
			developmentRegion = en;
			hasScannedForEncodings = 0;
			knownRegions = (
				en,
				Base,
			);
			mainGroup = 62A980FD2E77E390006834C9;
			minimizedProjectReferenceProxies = 1;
			packageReferences = (
				62A981432E77EEC4006834C9 /* XCRemoteSwiftPackageReference "supabase-swift" */,
				62246FB82EDD975A007314E8 /* XCRemoteSwiftPackageReference "mapbox-maps-ios" */,
			);
			preferredProjectObjectVersion = 77;
			productRefGroup = 62A981072E77E390006834C9 /* Products */;
			projectDirPath = "";
			projectRoot = "";
			targets = (
				62A981052E77E390006834C9 /* snow-buddy */,
				62A981122E77E391006834C9 /* snow-buddyTests */,
				62A9811C2E77E391006834C9 /* snow-buddyUITests */,
			);
		};
/* End PBXProject section */

/* Begin PBXResourcesBuildPhase section */
		62A981042E77E390006834C9 /* Resources */ = {
			isa = PBXResourcesBuildPhase;
			buildActionMask = 2147483647;
			files = (
				62A981912E7A9D5E006834C9 /* .gitignore in Resources */,
			);
			runOnlyForDeploymentPostprocessing = 0;
		};
		62A981112E77E391006834C9 /* Resources */ = {
			isa = PBXResourcesBuildPhase;
			buildActionMask = 2147483647;
			files = (
				62A981922E7A9D5E006834C9 /* .gitignore in Resources */,
			);
			runOnlyForDeploymentPostprocessing = 0;
		};
		62A9811B2E77E391006834C9 /* Resources */ = {
			isa = PBXResourcesBuildPhase;
			buildActionMask = 2147483647;
			files = (
				62A981902E7A9D5E006834C9 /* .gitignore in Resources */,
			);
			runOnlyForDeploymentPostprocessing = 0;
		};
/* End PBXResourcesBuildPhase section */

/* Begin PBXSourcesBuildPhase section */
		62A981022E77E390006834C9 /* Sources */ = {
			isa = PBXSourcesBuildPhase;
			buildActionMask = 2147483647;
			files = (
			);
			runOnlyForDeploymentPostprocessing = 0;
		};
		62A9810F2E77E391006834C9 /* Sources */ = {
			isa = PBXSourcesBuildPhase;
			buildActionMask = 2147483647;
			files = (
			);
			runOnlyForDeploymentPostprocessing = 0;
		};
		62A981192E77E391006834C9 /* Sources */ = {
			isa = PBXSourcesBuildPhase;
			buildActionMask = 2147483647;
			files = (
			);
			runOnlyForDeploymentPostprocessing = 0;
		};
/* End PBXSourcesBuildPhase section */

/* Begin PBXTargetDependency section */
		62A981152E77E391006834C9 /* PBXTargetDependency */ = {
			isa = PBXTargetDependency;
			target = 62A981052E77E390006834C9 /* snow-buddy */;
			targetProxy = 62A981142E77E391006834C9 /* PBXContainerItemProxy */;
		};
		62A9811F2E77E391006834C9 /* PBXTargetDependency */ = {
			isa = PBXTargetDependency;
			target = 62A981052E77E390006834C9 /* snow-buddy */;
			targetProxy = 62A9811E2E77E391006834C9 /* PBXContainerItemProxy */;
		};
/* End PBXTargetDependency section */

/* Begin XCBuildConfiguration section */
		62A981382E77EA5F006834C9 /* Development */ = {
			isa = XCBuildConfiguration;
			baseConfigurationReferenceAnchor = 62A9817C2E77FAC8006834C9 /* Config */;
			baseConfigurationReferenceRelativePath = Development.xcconfig;
			buildSettings = {
				ALWAYS_SEARCH_USER_PATHS = NO;
				ASSETCATALOG_COMPILER_GENERATE_SWIFT_ASSET_SYMBOL_EXTENSIONS = YES;
				CLANG_ANALYZER_NONNULL = YES;
				CLANG_ANALYZER_NUMBER_OBJECT_CONVERSION = YES_AGGRESSIVE;
				CLANG_CXX_LANGUAGE_STANDARD = "gnu++20";
				CLANG_ENABLE_MODULES = YES;
				CLANG_ENABLE_OBJC_ARC = YES;
				CLANG_ENABLE_OBJC_WEAK = YES;
				CLANG_WARN_BLOCK_CAPTURE_AUTORELEASING = YES;
				CLANG_WARN_BOOL_CONVERSION = YES;
				CLANG_WARN_COMMA = YES;
				CLANG_WARN_CONSTANT_CONVERSION = YES;
				CLANG_WARN_DEPRECATED_OBJC_IMPLEMENTATIONS = YES;
				CLANG_WARN_DIRECT_OBJC_ISA_USAGE = YES_ERROR;
				CLANG_WARN_DOCUMENTATION_COMMENTS = YES;
				CLANG_WARN_EMPTY_BODY = YES;
				CLANG_WARN_ENUM_CONVERSION = YES;
				CLANG_WARN_INFINITE_RECURSION = YES;
				CLANG_WARN_INT_CONVERSION = YES;
				CLANG_WARN_NON_LITERAL_NULL_CONVERSION = YES;
				CLANG_WARN_OBJC_IMPLICIT_RETAIN_SELF = YES;
				CLANG_WARN_OBJC_LITERAL_CONVERSION = YES;
				CLANG_WARN_OBJC_ROOT_CLASS = YES_ERROR;
				CLANG_WARN_QUOTED_INCLUDE_IN_FRAMEWORK_HEADER = YES;
				CLANG_WARN_RANGE_LOOP_ANALYSIS = YES;
				CLANG_WARN_STRICT_PROTOTYPES = YES;
				CLANG_WARN_SUSPICIOUS_MOVE = YES;
				CLANG_WARN_UNGUARDED_AVAILABILITY = YES_AGGRESSIVE;
				CLANG_WARN_UNREACHABLE_CODE = YES;
				CLANG_WARN__DUPLICATE_METHOD_MATCH = YES;
				COPY_PHASE_STRIP = NO;
				DEBUG_INFORMATION_FORMAT = dwarf;
				DEVELOPMENT_TEAM = KMDJ25DQYR;
				ENABLE_STRICT_OBJC_MSGSEND = YES;
				ENABLE_TESTABILITY = YES;
				ENABLE_USER_SCRIPT_SANDBOXING = YES;
				GCC_C_LANGUAGE_STANDARD = gnu17;
				GCC_DYNAMIC_NO_PIC = NO;
				GCC_NO_COMMON_BLOCKS = YES;
				GCC_OPTIMIZATION_LEVEL = 0;
				GCC_PREPROCESSOR_DEFINITIONS = (
					"DEBUG=1",
					"$(inherited)",
				);
				GCC_WARN_64_TO_32_BIT_CONVERSION = YES;
				GCC_WARN_ABOUT_RETURN_TYPE = YES_ERROR;
				GCC_WARN_UNDECLARED_SELECTOR = YES;
				GCC_WARN_UNINITIALIZED_AUTOS = YES_AGGRESSIVE;
				GCC_WARN_UNUSED_FUNCTION = YES;
				GCC_WARN_UNUSED_VARIABLE = YES;
				IPHONEOS_DEPLOYMENT_TARGET = 18.5;
				LOCALIZATION_PREFERS_STRING_CATALOGS = YES;
				MTL_ENABLE_DEBUG_INFO = INCLUDE_SOURCE;
				MTL_FAST_MATH = YES;
				ONLY_ACTIVE_ARCH = YES;
				SDKROOT = iphoneos;
				SWIFT_ACTIVE_COMPILATION_CONDITIONS = "DEBUG $(inherited)";
				SWIFT_OPTIMIZATION_LEVEL = "-Onone";
			};
			name = Development;
		};
		62A981392E77EA5F006834C9 /* Development */ = {
			isa = XCBuildConfiguration;
			buildSettings = {
				ASSETCATALOG_COMPILER_APPICON_NAME = AppIcon;
				ASSETCATALOG_COMPILER_GLOBAL_ACCENT_COLOR_NAME = AccentColor;
				CODE_SIGN_STYLE = Automatic;
				CURRENT_PROJECT_VERSION = 1;
				DEVELOPMENT_TEAM = KMDJ25DQYR;
				ENABLE_PREVIEWS = YES;
				GENERATE_INFOPLIST_FILE = YES;
				INFOPLIST_FILE = "snow-buddy/Info.plist";
				INFOPLIST_KEY_NSLocationAlwaysAndWhenInUseUsageDescription = "This app needs location access to track your runs and calculate speeds in the background.";
				INFOPLIST_KEY_NSLocationWhenInUseUsageDescription = "This app needs location access to track your runs and calculate speeds.";
				INFOPLIST_KEY_UIApplicationSceneManifest_Generation = YES;
				INFOPLIST_KEY_UIApplicationSupportsIndirectInputEvents = YES;
				INFOPLIST_KEY_UILaunchScreen_Generation = YES;
				INFOPLIST_KEY_UISupportedInterfaceOrientations_iPad = "UIInterfaceOrientationPortrait UIInterfaceOrientationPortraitUpsideDown UIInterfaceOrientationLandscapeLeft UIInterfaceOrientationLandscapeRight";
				INFOPLIST_KEY_UISupportedInterfaceOrientations_iPhone = "UIInterfaceOrientationPortrait UIInterfaceOrientationLandscapeLeft UIInterfaceOrientationLandscapeRight";
				LD_RUNPATH_SEARCH_PATHS = (
					"$(inherited)",
					"@executable_path/Frameworks",
				);
				MARKETING_VERSION = 1.0;
				PRODUCT_BUNDLE_IDENTIFIER = "com.zzillzz.snow-buddy.dev";
				PRODUCT_NAME = "$(TARGET_NAME)";
				SWIFT_EMIT_LOC_STRINGS = YES;
				SWIFT_VERSION = 5.0;
				TARGETED_DEVICE_FAMILY = "1,2";
			};
			name = Development;
		};
		62A9813A2E77EA5F006834C9 /* Development */ = {
			isa = XCBuildConfiguration;
			buildSettings = {
				BUNDLE_LOADER = "$(TEST_HOST)";
				CODE_SIGN_STYLE = Automatic;
				CURRENT_PROJECT_VERSION = 1;
				DEVELOPMENT_TEAM = KMDJ25DQYR;
				GENERATE_INFOPLIST_FILE = YES;
				IPHONEOS_DEPLOYMENT_TARGET = 18.5;
				MARKETING_VERSION = 1.0;
				PRODUCT_BUNDLE_IDENTIFIER = "com.zzillzz.snow-buddyTests";
				PRODUCT_NAME = "$(TARGET_NAME)";
				SWIFT_EMIT_LOC_STRINGS = NO;
				SWIFT_VERSION = 5.0;
				TARGETED_DEVICE_FAMILY = "1,2";
				TEST_HOST = "$(BUILT_PRODUCTS_DIR)/snow-buddy.app/$(BUNDLE_EXECUTABLE_FOLDER_PATH)/snow-buddy";
			};
			name = Development;
		};
		62A9813B2E77EA5F006834C9 /* Development */ = {
			isa = XCBuildConfiguration;
			buildSettings = {
				CODE_SIGN_STYLE = Automatic;
				CURRENT_PROJECT_VERSION = 1;
				DEVELOPMENT_TEAM = KMDJ25DQYR;
				GENERATE_INFOPLIST_FILE = YES;
				MARKETING_VERSION = 1.0;
				PRODUCT_BUNDLE_IDENTIFIER = "com.zzillzz.snow-buddyUITests";
				PRODUCT_NAME = "$(TARGET_NAME)";
				SWIFT_EMIT_LOC_STRINGS = NO;
				SWIFT_VERSION = 5.0;
				TARGETED_DEVICE_FAMILY = "1,2";
				TEST_TARGET_NAME = "snow-buddy";
			};
			name = Development;
		};
		62A9813C2E77EA6B006834C9 /* Production */ = {
			isa = XCBuildConfiguration;
			baseConfigurationReferenceAnchor = 62A9817C2E77FAC8006834C9 /* Config */;
			baseConfigurationReferenceRelativePath = Production.xcconfig;
			buildSettings = {
				ALWAYS_SEARCH_USER_PATHS = NO;
				ASSETCATALOG_COMPILER_GENERATE_SWIFT_ASSET_SYMBOL_EXTENSIONS = YES;
				CLANG_ANALYZER_NONNULL = YES;
				CLANG_ANALYZER_NUMBER_OBJECT_CONVERSION = YES_AGGRESSIVE;
				CLANG_CXX_LANGUAGE_STANDARD = "gnu++20";
				CLANG_ENABLE_MODULES = YES;
				CLANG_ENABLE_OBJC_ARC = YES;
				CLANG_ENABLE_OBJC_WEAK = YES;
				CLANG_WARN_BLOCK_CAPTURE_AUTORELEASING = YES;
				CLANG_WARN_BOOL_CONVERSION = YES;
				CLANG_WARN_COMMA = YES;
				CLANG_WARN_CONSTANT_CONVERSION = YES;
				CLANG_WARN_DEPRECATED_OBJC_IMPLEMENTATIONS = YES;
				CLANG_WARN_DIRECT_OBJC_ISA_USAGE = YES_ERROR;
				CLANG_WARN_DOCUMENTATION_COMMENTS = YES;
				CLANG_WARN_EMPTY_BODY = YES;
				CLANG_WARN_ENUM_CONVERSION = YES;
				CLANG_WARN_INFINITE_RECURSION = YES;
				CLANG_WARN_INT_CONVERSION = YES;
				CLANG_WARN_NON_LITERAL_NULL_CONVERSION = YES;
				CLANG_WARN_OBJC_IMPLICIT_RETAIN_SELF = YES;
				CLANG_WARN_OBJC_LITERAL_CONVERSION = YES;
				CLANG_WARN_OBJC_ROOT_CLASS = YES_ERROR;
				CLANG_WARN_QUOTED_INCLUDE_IN_FRAMEWORK_HEADER = YES;
				CLANG_WARN_RANGE_LOOP_ANALYSIS = YES;
				CLANG_WARN_STRICT_PROTOTYPES = YES;
				CLANG_WARN_SUSPICIOUS_MOVE = YES;
				CLANG_WARN_UNGUARDED_AVAILABILITY = YES_AGGRESSIVE;
				CLANG_WARN_UNREACHABLE_CODE = YES;
				CLANG_WARN__DUPLICATE_METHOD_MATCH = YES;
				COPY_PHASE_STRIP = NO;
				DEBUG_INFORMATION_FORMAT = "dwarf-with-dsym";
				DEVELOPMENT_TEAM = KMDJ25DQYR;
				ENABLE_NS_ASSERTIONS = NO;
				ENABLE_STRICT_OBJC_MSGSEND = YES;
				ENABLE_USER_SCRIPT_SANDBOXING = YES;
				GCC_C_LANGUAGE_STANDARD = gnu17;
				GCC_NO_COMMON_BLOCKS = YES;
				GCC_WARN_64_TO_32_BIT_CONVERSION = YES;
				GCC_WARN_ABOUT_RETURN_TYPE = YES_ERROR;
				GCC_WARN_UNDECLARED_SELECTOR = YES;
				GCC_WARN_UNINITIALIZED_AUTOS = YES_AGGRESSIVE;
				GCC_WARN_UNUSED_FUNCTION = YES;
				GCC_WARN_UNUSED_VARIABLE = YES;
				IPHONEOS_DEPLOYMENT_TARGET = 18.5;
				LOCALIZATION_PREFERS_STRING_CATALOGS = YES;
				MTL_ENABLE_DEBUG_INFO = NO;
				MTL_FAST_MATH = YES;
				SDKROOT = iphoneos;
				SWIFT_COMPILATION_MODE = wholemodule;
				VALIDATE_PRODUCT = YES;
			};
			name = Production;
		};
		62A9813D2E77EA6B006834C9 /* Production */ = {
			isa = XCBuildConfiguration;
			buildSettings = {
				ASSETCATALOG_COMPILER_APPICON_NAME = AppIcon;
				ASSETCATALOG_COMPILER_GLOBAL_ACCENT_COLOR_NAME = AccentColor;
				CODE_SIGN_STYLE = Automatic;
				CURRENT_PROJECT_VERSION = 1;
				DEVELOPMENT_TEAM = KMDJ25DQYR;
				ENABLE_PREVIEWS = YES;
				GENERATE_INFOPLIST_FILE = YES;
				INFOPLIST_FILE = "snow-buddy/Info.plist";
				INFOPLIST_KEY_NSLocationAlwaysAndWhenInUseUsageDescription = "This app needs location access to track your runs and calculate speeds in the background.";
				INFOPLIST_KEY_NSLocationWhenInUseUsageDescription = "This app needs location access to track your runs and calculate speeds.";
				INFOPLIST_KEY_UIApplicationSceneManifest_Generation = YES;
				INFOPLIST_KEY_UIApplicationSupportsIndirectInputEvents = YES;
				INFOPLIST_KEY_UILaunchScreen_Generation = YES;
				INFOPLIST_KEY_UISupportedInterfaceOrientations_iPad = "UIInterfaceOrientationPortrait UIInterfaceOrientationPortraitUpsideDown UIInterfaceOrientationLandscapeLeft UIInterfaceOrientationLandscapeRight";
				INFOPLIST_KEY_UISupportedInterfaceOrientations_iPhone = "UIInterfaceOrientationPortrait UIInterfaceOrientationLandscapeLeft UIInterfaceOrientationLandscapeRight";
				LD_RUNPATH_SEARCH_PATHS = (
					"$(inherited)",
					"@executable_path/Frameworks",
				);
				MARKETING_VERSION = 1.0;
				PRODUCT_BUNDLE_IDENTIFIER = "com.zzillzz.snow-buddy";
				PRODUCT_NAME = "$(TARGET_NAME)";
				SWIFT_EMIT_LOC_STRINGS = YES;
				SWIFT_VERSION = 5.0;
				TARGETED_DEVICE_FAMILY = "1,2";
			};
			name = Production;
		};
		62A9813E2E77EA6B006834C9 /* Production */ = {
			isa = XCBuildConfiguration;
			buildSettings = {
				BUNDLE_LOADER = "$(TEST_HOST)";
				CODE_SIGN_STYLE = Automatic;
				CURRENT_PROJECT_VERSION = 1;
				DEVELOPMENT_TEAM = KMDJ25DQYR;
				GENERATE_INFOPLIST_FILE = YES;
				IPHONEOS_DEPLOYMENT_TARGET = 18.5;
				MARKETING_VERSION = 1.0;
				PRODUCT_BUNDLE_IDENTIFIER = "com.zzillzz.snow-buddyTests";
				PRODUCT_NAME = "$(TARGET_NAME)";
				SWIFT_EMIT_LOC_STRINGS = NO;
				SWIFT_VERSION = 5.0;
				TARGETED_DEVICE_FAMILY = "1,2";
				TEST_HOST = "$(BUILT_PRODUCTS_DIR)/snow-buddy.app/$(BUNDLE_EXECUTABLE_FOLDER_PATH)/snow-buddy";
			};
			name = Production;
		};
		62A9813F2E77EA6B006834C9 /* Production */ = {
			isa = XCBuildConfiguration;
			buildSettings = {
				CODE_SIGN_STYLE = Automatic;
				CURRENT_PROJECT_VERSION = 1;
				DEVELOPMENT_TEAM = KMDJ25DQYR;
				GENERATE_INFOPLIST_FILE = YES;
				MARKETING_VERSION = 1.0;
				PRODUCT_BUNDLE_IDENTIFIER = "com.zzillzz.snow-buddyUITests";
				PRODUCT_NAME = "$(TARGET_NAME)";
				SWIFT_EMIT_LOC_STRINGS = NO;
				SWIFT_VERSION = 5.0;
				TARGETED_DEVICE_FAMILY = "1,2";
				TEST_TARGET_NAME = "snow-buddy";
			};
			name = Production;
		};
		62A981502E77F141006834C9 /* local */ = {
			isa = XCBuildConfiguration;
			baseConfigurationReferenceAnchor = 62A9817C2E77FAC8006834C9 /* Config */;
			baseConfigurationReferenceRelativePath = Local.xcconfig;
			buildSettings = {
				ALWAYS_SEARCH_USER_PATHS = NO;
				ASSETCATALOG_COMPILER_GENERATE_SWIFT_ASSET_SYMBOL_EXTENSIONS = YES;
				CLANG_ANALYZER_NONNULL = YES;
				CLANG_ANALYZER_NUMBER_OBJECT_CONVERSION = YES_AGGRESSIVE;
				CLANG_CXX_LANGUAGE_STANDARD = "gnu++20";
				CLANG_ENABLE_MODULES = YES;
				CLANG_ENABLE_OBJC_ARC = YES;
				CLANG_ENABLE_OBJC_WEAK = YES;
				CLANG_WARN_BLOCK_CAPTURE_AUTORELEASING = YES;
				CLANG_WARN_BOOL_CONVERSION = YES;
				CLANG_WARN_COMMA = YES;
				CLANG_WARN_CONSTANT_CONVERSION = YES;
				CLANG_WARN_DEPRECATED_OBJC_IMPLEMENTATIONS = YES;
				CLANG_WARN_DIRECT_OBJC_ISA_USAGE = YES_ERROR;
				CLANG_WARN_DOCUMENTATION_COMMENTS = YES;
				CLANG_WARN_EMPTY_BODY = YES;
				CLANG_WARN_ENUM_CONVERSION = YES;
				CLANG_WARN_INFINITE_RECURSION = YES;
				CLANG_WARN_INT_CONVERSION = YES;
				CLANG_WARN_NON_LITERAL_NULL_CONVERSION = YES;
				CLANG_WARN_OBJC_IMPLICIT_RETAIN_SELF = YES;
				CLANG_WARN_OBJC_LITERAL_CONVERSION = YES;
				CLANG_WARN_OBJC_ROOT_CLASS = YES_ERROR;
				CLANG_WARN_QUOTED_INCLUDE_IN_FRAMEWORK_HEADER = YES;
				CLANG_WARN_RANGE_LOOP_ANALYSIS = YES;
				CLANG_WARN_STRICT_PROTOTYPES = YES;
				CLANG_WARN_SUSPICIOUS_MOVE = YES;
				CLANG_WARN_UNGUARDED_AVAILABILITY = YES_AGGRESSIVE;
				CLANG_WARN_UNREACHABLE_CODE = YES;
				CLANG_WARN__DUPLICATE_METHOD_MATCH = YES;
				COPY_PHASE_STRIP = NO;
				DEBUG_INFORMATION_FORMAT = dwarf;
				DEVELOPMENT_TEAM = KMDJ25DQYR;
				ENABLE_STRICT_OBJC_MSGSEND = YES;
				ENABLE_TESTABILITY = YES;
				ENABLE_USER_SCRIPT_SANDBOXING = YES;
				GCC_C_LANGUAGE_STANDARD = gnu17;
				GCC_DYNAMIC_NO_PIC = NO;
				GCC_NO_COMMON_BLOCKS = YES;
				GCC_OPTIMIZATION_LEVEL = 0;
				GCC_PREPROCESSOR_DEFINITIONS = (
					"DEBUG=1",
					"$(inherited)",
				);
				GCC_WARN_64_TO_32_BIT_CONVERSION = YES;
				GCC_WARN_ABOUT_RETURN_TYPE = YES_ERROR;
				GCC_WARN_UNDECLARED_SELECTOR = YES;
				GCC_WARN_UNINITIALIZED_AUTOS = YES_AGGRESSIVE;
				GCC_WARN_UNUSED_FUNCTION = YES;
				GCC_WARN_UNUSED_VARIABLE = YES;
				IPHONEOS_DEPLOYMENT_TARGET = 18.5;
				LOCALIZATION_PREFERS_STRING_CATALOGS = YES;
				MTL_ENABLE_DEBUG_INFO = INCLUDE_SOURCE;
				MTL_FAST_MATH = YES;
				ONLY_ACTIVE_ARCH = YES;
				SDKROOT = iphoneos;
				SWIFT_ACTIVE_COMPILATION_CONDITIONS = "DEBUG $(inherited)";
				SWIFT_OPTIMIZATION_LEVEL = "-Onone";
			};
			name = local;
		};
		62A981512E77F141006834C9 /* local */ = {
			isa = XCBuildConfiguration;
			buildSettings = {
				ASSETCATALOG_COMPILER_APPICON_NAME = AppIcon;
				ASSETCATALOG_COMPILER_GLOBAL_ACCENT_COLOR_NAME = AccentColor;
				CODE_SIGN_STYLE = Automatic;
				CURRENT_PROJECT_VERSION = 1;
				DEVELOPMENT_TEAM = KMDJ25DQYR;
				ENABLE_PREVIEWS = YES;
				GENERATE_INFOPLIST_FILE = YES;
				INFOPLIST_FILE = "snow-buddy/Info.plist";
				INFOPLIST_KEY_NSLocationAlwaysAndWhenInUseUsageDescription = "This app needs location access to track your runs and calculate speeds in the background.";
				INFOPLIST_KEY_NSLocationWhenInUseUsageDescription = "This app needs location access to track your runs and calculate speeds.";
				INFOPLIST_KEY_UIApplicationSceneManifest_Generation = YES;
				INFOPLIST_KEY_UIApplicationSupportsIndirectInputEvents = YES;
				INFOPLIST_KEY_UILaunchScreen_Generation = YES;
				INFOPLIST_KEY_UISupportedInterfaceOrientations_iPad = "UIInterfaceOrientationPortrait UIInterfaceOrientationPortraitUpsideDown UIInterfaceOrientationLandscapeLeft UIInterfaceOrientationLandscapeRight";
				INFOPLIST_KEY_UISupportedInterfaceOrientations_iPhone = "UIInterfaceOrientationPortrait UIInterfaceOrientationLandscapeLeft UIInterfaceOrientationLandscapeRight";
				LD_RUNPATH_SEARCH_PATHS = (
					"$(inherited)",
					"@executable_path/Frameworks",
				);
				MARKETING_VERSION = 1.0;
				PRODUCT_BUNDLE_IDENTIFIER = "com.zzillzz.snow-buddy.local";
				PRODUCT_NAME = "$(TARGET_NAME)";
				SWIFT_EMIT_LOC_STRINGS = YES;
				SWIFT_VERSION = 5.0;
				TARGETED_DEVICE_FAMILY = "1,2";
			};
			name = local;
		};
		62A981522E77F141006834C9 /* local */ = {
			isa = XCBuildConfiguration;
			buildSettings = {
				BUNDLE_LOADER = "$(TEST_HOST)";
				CODE_SIGN_STYLE = Automatic;
				CURRENT_PROJECT_VERSION = 1;
				DEVELOPMENT_TEAM = KMDJ25DQYR;
				GENERATE_INFOPLIST_FILE = YES;
				IPHONEOS_DEPLOYMENT_TARGET = 18.5;
				MARKETING_VERSION = 1.0;
				PRODUCT_BUNDLE_IDENTIFIER = "com.zzillzz.snow-buddyTests";
				PRODUCT_NAME = "$(TARGET_NAME)";
				SWIFT_EMIT_LOC_STRINGS = NO;
				SWIFT_VERSION = 5.0;
				TARGETED_DEVICE_FAMILY = "1,2";
				TEST_HOST = "$(BUILT_PRODUCTS_DIR)/snow-buddy.app/$(BUNDLE_EXECUTABLE_FOLDER_PATH)/snow-buddy";
			};
			name = local;
		};
		62A981532E77F141006834C9 /* local */ = {
			isa = XCBuildConfiguration;
			buildSettings = {
				CODE_SIGN_STYLE = Automatic;
				CURRENT_PROJECT_VERSION = 1;
				DEVELOPMENT_TEAM = KMDJ25DQYR;
				GENERATE_INFOPLIST_FILE = YES;
				MARKETING_VERSION = 1.0;
				PRODUCT_BUNDLE_IDENTIFIER = "com.zzillzz.snow-buddyUITests";
				PRODUCT_NAME = "$(TARGET_NAME)";
				SWIFT_EMIT_LOC_STRINGS = NO;
				SWIFT_VERSION = 5.0;
				TARGETED_DEVICE_FAMILY = "1,2";
				TEST_TARGET_NAME = "snow-buddy";
			};
			name = local;
		};
/* End XCBuildConfiguration section */

/* Begin XCConfigurationList section */
		62A981012E77E390006834C9 /* Build configuration list for PBXProject "snow-buddy" */ = {
			isa = XCConfigurationList;
			buildConfigurations = (
				62A981382E77EA5F006834C9 /* Development */,
				62A981502E77F141006834C9 /* local */,
				62A9813C2E77EA6B006834C9 /* Production */,
			);
			defaultConfigurationIsVisible = 0;
			defaultConfigurationName = Development;
		};
		62A981272E77E391006834C9 /* Build configuration list for PBXNativeTarget "snow-buddy" */ = {
			isa = XCConfigurationList;
			buildConfigurations = (
				62A981392E77EA5F006834C9 /* Development */,
				62A981512E77F141006834C9 /* local */,
				62A9813D2E77EA6B006834C9 /* Production */,
			);
			defaultConfigurationIsVisible = 0;
			defaultConfigurationName = Development;
		};
		62A9812A2E77E391006834C9 /* Build configuration list for PBXNativeTarget "snow-buddyTests" */ = {
			isa = XCConfigurationList;
			buildConfigurations = (
				62A9813A2E77EA5F006834C9 /* Development */,
				62A981522E77F141006834C9 /* local */,
				62A9813E2E77EA6B006834C9 /* Production */,
			);
			defaultConfigurationIsVisible = 0;
			defaultConfigurationName = Development;
		};
		62A9812D2E77E391006834C9 /* Build configuration list for PBXNativeTarget "snow-buddyUITests" */ = {
			isa = XCConfigurationList;
			buildConfigurations = (
				62A9813B2E77EA5F006834C9 /* Development */,
				62A981532E77F141006834C9 /* local */,
				62A9813F2E77EA6B006834C9 /* Production */,
			);
			defaultConfigurationIsVisible = 0;
			defaultConfigurationName = Development;
		};
/* End XCConfigurationList section */

/* Begin XCRemoteSwiftPackageReference section */
		62246FB82EDD975A007314E8 /* XCRemoteSwiftPackageReference "mapbox-maps-ios" */ = {
			isa = XCRemoteSwiftPackageReference;
			repositoryURL = "https://github.com/mapbox/mapbox-maps-ios.git";
			requirement = {
				kind = exactVersion;
				version = 11.16.6;
			};
		};
		62A981432E77EEC4006834C9 /* XCRemoteSwiftPackageReference "supabase-swift" */ = {
			isa = XCRemoteSwiftPackageReference;
			repositoryURL = "https://github.com/supabase-community/supabase-swift.git";
			requirement = {
				kind = upToNextMajorVersion;
				minimumVersion = 2.5.1;
			};
		};
/* End XCRemoteSwiftPackageReference section */

/* Begin XCSwiftPackageProductDependency section */
		62246FB92EDD975A007314E8 /* MapboxMaps */ = {
			isa = XCSwiftPackageProductDependency;
			package = 62246FB82EDD975A007314E8 /* XCRemoteSwiftPackageReference "mapbox-maps-ios" */;
			productName = MapboxMaps;
		};
		62A981442E77EEC4006834C9 /* Auth */ = {
			isa = XCSwiftPackageProductDependency;
			package = 62A981432E77EEC4006834C9 /* XCRemoteSwiftPackageReference "supabase-swift" */;
			productName = Auth;
		};
		62A981462E77EEC4006834C9 /* Functions */ = {
			isa = XCSwiftPackageProductDependency;
			package = 62A981432E77EEC4006834C9 /* XCRemoteSwiftPackageReference "supabase-swift" */;
			productName = Functions;
		};
		62A981482E77EEC4006834C9 /* PostgREST */ = {
			isa = XCSwiftPackageProductDependency;
			package = 62A981432E77EEC4006834C9 /* XCRemoteSwiftPackageReference "supabase-swift" */;
			productName = PostgREST;
		};
		62A9814A2E77EEC4006834C9 /* Realtime */ = {
			isa = XCSwiftPackageProductDependency;
			package = 62A981432E77EEC4006834C9 /* XCRemoteSwiftPackageReference "supabase-swift" */;
			productName = Realtime;
		};
		62A9814C2E77EEC4006834C9 /* Storage */ = {
			isa = XCSwiftPackageProductDependency;
			package = 62A981432E77EEC4006834C9 /* XCRemoteSwiftPackageReference "supabase-swift" */;
			productName = Storage;
		};
		62A9814E2E77EEC4006834C9 /* Supabase */ = {
			isa = XCSwiftPackageProductDependency;
			package = 62A981432E77EEC4006834C9 /* XCRemoteSwiftPackageReference "supabase-swift" */;
			productName = Supabase;
		};
/* End XCSwiftPackageProductDependency section */
	};
	rootObject = 62A980FE2E77E390006834C9 /* Project object */;
}
